
Microsoft Visual Studio Solution File, Format Version 12.00
# Visual Studio Version 17
VisualStudioVersion = 17.5.002.0
MinimumVisualStudioVersion = 10.0.40219.1
Project("{9A19103F-16F7-4668-BE54-9A1E7A4F7556}") = "Discount.Grpc", "Discount.Grpc.csproj", "{5DBED1B7-49BF-4CAD-BDD1-77DEA93F11F4}"
EndProject
Global
	GlobalSection(SolutionConfigurationPlatforms) = preSolution
		Debug|Any CPU = Debug|Any CPU
		Release|Any CPU = Release|Any CPU
	EndGlobalSection
	GlobalSection(ProjectConfigurationPlatforms) = postSolution
		{5DBED1B7-49BF-4CAD-BDD1-77DEA93F11F4}.Debug|Any CPU.ActiveCfg = Debug|Any CPU
		{5DBED1B7-49BF-4CAD-BDD1-77DEA93F11F4}.Debug|Any CPU.Build.0 = Debug|Any CPU
		{5DBED1B7-49BF-4CAD-BDD1-77DEA93F11F4}.Release|Any CPU.ActiveCfg = Release|Any CPU
		{5DBED1B7-49BF-4CAD-BDD1-77DEA93F11F4}.Release|Any CPU.Build.0 = Release|Any CPU
	EndGlobalSection
	GlobalSection(SolutionProperties) = preSolution
		HideSolutionNode = FALSE
	EndGlobalSection
	GlobalSection(ExtensibilityGlobals) = postSolution
		SolutionGuid = {0D8E4A81-4C4F-49A1-B38C-97B8C0A1CCE1}
	EndGlobalSection
EndGlobal
