
Microsoft Visual Studio Solution File, Format Version 12.00
# Visual Studio Version 17
VisualStudioVersion = 17.0.31903.59
MinimumVisualStudioVersion = 10.0.40219.1
Project("{2150E333-8FDC-42A3-9474-1A3956D46DE8}") = "Services", "Services", "{B7F63A89-3F1E-4FE3-A0BB-FA9735301220}"
EndProject
Project("{2150E333-8FDC-42A3-9474-1A3956D46DE8}") = "Catalog", "Catalog", "{3965E389-986C-4006-B47A-E2C576D967E4}"
EndProject
Project("{FAE04EC0-301F-11D3-BF4B-00C04F79EFBC}") = "Catalog.API", "Services\Catalog\Catalog.API\Catalog.API.csproj", "{3BAFEB45-86E3-433D-8EBC-D503D13D0623}"
EndProject
Global
	GlobalSection(SolutionConfigurationPlatforms) = preSolution
		Debug|Any CPU = Debug|Any CPU
		Release|Any CPU = Release|Any CPU
	EndGlobalSection
	GlobalSection(SolutionProperties) = preSolution
		HideSolutionNode = FALSE
	EndGlobalSection
	GlobalSection(ProjectConfigurationPlatforms) = postSolution
		{3BAFEB45-86E3-433D-8EBC-D503D13D0623}.Debug|Any CPU.ActiveCfg = Debug|Any CPU
		{3BAFEB45-86E3-433D-8EBC-D503D13D0623}.Debug|Any CPU.Build.0 = Debug|Any CPU
		{3BAFEB45-86E3-433D-8EBC-D503D13D0623}.Release|Any CPU.ActiveCfg = Release|Any CPU
		{3BAFEB45-86E3-433D-8EBC-D503D13D0623}.Release|Any CPU.Build.0 = Release|Any CPU
	EndGlobalSection
	GlobalSection(NestedProjects) = preSolution
		{3965E389-986C-4006-B47A-E2C576D967E4} = {B7F63A89-3F1E-4FE3-A0BB-FA9735301220}
		{3BAFEB45-86E3-433D-8EBC-D503D13D0623} = {3965E389-986C-4006-B47A-E2C576D967E4}
	EndGlobalSection
EndGlobal
